// !$*UTF8*$!
{
	archiveVersion = 1;
	classes = {
	};
	objectVersion = 50;
	objects = {

/* Begin PBXBuildFile section */
		0AE62667AEF68D0A9266CF18 /* Pods_MaterialUI.framework in Frameworks */ = {isa = PBXBuildFile; fileRef = E9BCC626DCF3861CF6B0B5FE /* Pods_MaterialUI.framework */; };
		81F6D29521E8745E0023859D /* AppDelegate.swift in Sources */ = {isa = PBXBuildFile; fileRef = 81F6D29421E8745E0023859D /* AppDelegate.swift */; };
		81F6D29721E8745E0023859D /* ViewController.swift in Sources */ = {isa = PBXBuildFile; fileRef = 81F6D29621E8745E0023859D /* ViewController.swift */; };
		81F6D29A21E8745E0023859D /* Main.storyboard in Resources */ = {isa = PBXBuildFile; fileRef = 81F6D29821E8745E0023859D /* Main.storyboard */; };
		81F6D29C21E8745F0023859D /* Assets.xcassets in Resources */ = {isa = PBXBuildFile; fileRef = 81F6D29B21E8745F0023859D /* Assets.xcassets */; };
		81F6D29F21E8745F0023859D /* LaunchScreen.storyboard in Resources */ = {isa = PBXBuildFile; fileRef = 81F6D29D21E8745F0023859D /* LaunchScreen.storyboard */; };
		81F6D2A821E88D970023859D /* ArticleModel.swift in Sources */ = {isa = PBXBuildFile; fileRef = 81F6D2A721E88D970023859D /* ArticleModel.swift */; };
		81F6D2AA21E891200023859D /* AppConstents.swift in Sources */ = {isa = PBXBuildFile; fileRef = 81F6D2A921E891200023859D /* AppConstents.swift */; };
/* End PBXBuildFile section */

/* Begin PBXFileReference section */
		65036A379E0F720190AC1839 /* Pods-MaterialUI.release.xcconfig */ = {isa = PBXFileReference; includeInIndex = 1; lastKnownFileType = text.xcconfig; name = "Pods-MaterialUI.release.xcconfig"; path = "Pods/Target Support Files/Pods-MaterialUI/Pods-MaterialUI.release.xcconfig"; sourceTree = "<group>"; };
		81F6D29121E8745E0023859D /* MaterialUI.app */ = {isa = PBXFileReference; explicitFileType = wrapper.application; includeInIndex = 0; path = MaterialUI.app; sourceTree = BUILT_PRODUCTS_DIR; };
		81F6D29421E8745E0023859D /* AppDelegate.swift */ = {isa = PBXFileReference; lastKnownFileType = sourcecode.swift; path = AppDelegate.swift; sourceTree = "<group>"; };
		81F6D29621E8745E0023859D /* ViewController.swift */ = {isa = PBXFileReference; lastKnownFileType = sourcecode.swift; path = ViewController.swift; sourceTree = "<group>"; };
		81F6D29921E8745E0023859D /* Base */ = {isa = PBXFileReference; lastKnownFileType = file.storyboard; name = Base; path = Base.lproj/Main.storyboard; sourceTree = "<group>"; };
		81F6D29B21E8745F0023859D /* Assets.xcassets */ = {isa = PBXFileReference; lastKnownFileType = folder.assetcatalog; path = Assets.xcassets; sourceTree = "<group>"; };
		81F6D29E21E8745F0023859D /* Base */ = {isa = PBXFileReference; lastKnownFileType = file.storyboard; name = Base; path = Base.lproj/LaunchScreen.storyboard; sourceTree = "<group>"; };
		81F6D2A021E8745F0023859D /* Info.plist */ = {isa = PBXFileReference; lastKnownFileType = text.plist.xml; path = Info.plist; sourceTree = "<group>"; };
		81F6D2A721E88D970023859D /* ArticleModel.swift */ = {isa = PBXFileReference; lastKnownFileType = sourcecode.swift; path = ArticleModel.swift; sourceTree = "<group>"; };
		81F6D2A921E891200023859D /* AppConstents.swift */ = {isa = PBXFileReference; lastKnownFileType = sourcecode.swift; path = AppConstents.swift; sourceTree = "<group>"; };
		E9BCC626DCF3861CF6B0B5FE /* Pods_MaterialUI.framework */ = {isa = PBXFileReference; explicitFileType = wrapper.framework; includeInIndex = 0; path = Pods_MaterialUI.framework; sourceTree = BUILT_PRODUCTS_DIR; };
		EE539ED120EA40526888856D /* Pods-MaterialUI.debug.xcconfig */ = {isa = PBXFileReference; includeInIndex = 1; lastKnownFileType = text.xcconfig; name = "Pods-MaterialUI.debug.xcconfig"; path = "Pods/Target Support Files/Pods-MaterialUI/Pods-MaterialUI.debug.xcconfig"; sourceTree = "<group>"; };
/* End PBXFileReference section */

/* Begin PBXFrameworksBuildPhase section */
		81F6D28E21E8745E0023859D /* Frameworks */ = {
			isa = PBXFrameworksBuildPhase;
			buildActionMask = 2147483647;
			files = (
				0AE62667AEF68D0A9266CF18 /* Pods_MaterialUI.framework in Frameworks */,
			);
			runOnlyForDeploymentPostprocessing = 0;
		};
/* End PBXFrameworksBuildPhase section */

/* Begin PBXGroup section */
		160AFA5612FAB33DDFD2B06B /* Frameworks */ = {
			isa = PBXGroup;
			children = (
				E9BCC626DCF3861CF6B0B5FE /* Pods_MaterialUI.framework */,
			);
			name = Frameworks;
			sourceTree = "<group>";
		};
		5D393A8AF9CCC7F83CF63142 /* Pods */ = {
			isa = PBXGroup;
			children = (
				EE539ED120EA40526888856D /* Pods-MaterialUI.debug.xcconfig */,
				65036A379E0F720190AC1839 /* Pods-MaterialUI.release.xcconfig */,
			);
			name = Pods;
			sourceTree = "<group>";
		};
		81F6D28821E8745E0023859D = {
			isa = PBXGroup;
			children = (
				81F6D29321E8745E0023859D /* MaterialUI */,
				81F6D29221E8745E0023859D /* Products */,
				5D393A8AF9CCC7F83CF63142 /* Pods */,
				160AFA5612FAB33DDFD2B06B /* Frameworks */,
			);
			sourceTree = "<group>";
		};
		81F6D29221E8745E0023859D /* Products */ = {
			isa = PBXGroup;
			children = (
				81F6D29121E8745E0023859D /* MaterialUI.app */,
			);
			name = Products;
			sourceTree = "<group>";
		};
		81F6D29321E8745E0023859D /* MaterialUI */ = {
			isa = PBXGroup;
			children = (
				81F6D29421E8745E0023859D /* AppDelegate.swift */,
				81F6D29621E8745E0023859D /* ViewController.swift */,
				81F6D29821E8745E0023859D /* Main.storyboard */,
				81F6D29B21E8745F0023859D /* Assets.xcassets */,
				81F6D29D21E8745F0023859D /* LaunchScreen.storyboard */,
				81F6D2A021E8745F0023859D /* Info.plist */,
				81F6D2A721E88D970023859D /* ArticleModel.swift */,
				81F6D2A921E891200023859D /* AppConstents.swift */,
			);
			path = MaterialUI;
			sourceTree = "<group>";
		};
/* End PBXGroup section */

/* Begin PBXNativeTarget section */
		81F6D29021E8745E0023859D /* MaterialUI */ = {
			isa = PBXNativeTarget;
			buildConfigurationList = 81F6D2A321E8745F0023859D /* Build configuration list for PBXNativeTarget "MaterialUI" */;
			buildPhases = (
				3CA249F7106F41D16E02AE72 /* [CP] Check Pods Manifest.lock */,
				81F6D28D21E8745E0023859D /* Sources */,
				81F6D28E21E8745E0023859D /* Frameworks */,
				81F6D28F21E8745E0023859D /* Resources */,
				B231D64489C60F0A7D313FD1 /* [CP] Embed Pods Frameworks */,
			);
			buildRules = (
			);
			dependencies = (
			);
			name = MaterialUI;
			productName = MaterialUI;
			productReference = 81F6D29121E8745E0023859D /* MaterialUI.app */;
			productType = "com.apple.product-type.application";
		};
/* End PBXNativeTarget section */

/* Begin PBXProject section */
		81F6D28921E8745E0023859D /* Project object */ = {
			isa = PBXProject;
			attributes = {
				LastSwiftUpdateCheck = 1010;
				LastUpgradeCheck = 1010;
				ORGANIZATIONNAME = oshan;
				TargetAttributes = {
					81F6D29021E8745E0023859D = {
						CreatedOnToolsVersion = 10.1;
					};
				};
			};
			buildConfigurationList = 81F6D28C21E8745E0023859D /* Build configuration list for PBXProject "MaterialUI" */;
			compatibilityVersion = "Xcode 9.3";
			developmentRegion = en;
			hasScannedForEncodings = 0;
			knownRegions = (
				en,
				Base,
			);
			mainGroup = 81F6D28821E8745E0023859D;
			productRefGroup = 81F6D29221E8745E0023859D /* Products */;
			projectDirPath = "";
			projectRoot = "";
			targets = (
				81F6D29021E8745E0023859D /* MaterialUI */,
			);
		};
/* End PBXProject section */

/* Begin PBXResourcesBuildPhase section */
		81F6D28F21E8745E0023859D /* Resources */ = {
			isa = PBXResourcesBuildPhase;
			buildActionMask = 2147483647;
			files = (
				81F6D29F21E8745F0023859D /* LaunchScreen.storyboard in Resources */,
				81F6D29C21E8745F0023859D /* Assets.xcassets in Resources */,
				81F6D29A21E8745E0023859D /* Main.storyboard in Resources */,
			);
			runOnlyForDeploymentPostprocessing = 0;
		};
/* End PBXResourcesBuildPhase section */

/* Begin PBXShellScriptBuildPhase section */
		3CA249F7106F41D16E02AE72 /* [CP] Check Pods Manifest.lock */ = {
			isa = PBXShellScriptBuildPhase;
			buildActionMask = 2147483647;
			files = (
			);
			inputFileListPaths = (
			);
			inputPaths = (
				"${PODS_PODFILE_DIR_PATH}/Podfile.lock",
				"${PODS_ROOT}/Manifest.lock",
			);
			name = "[CP] Check Pods Manifest.lock";
			outputFileListPaths = (
			);
			outputPaths = (
				"$(DERIVED_FILE_DIR)/Pods-MaterialUI-checkManifestLockResult.txt",
			);
			runOnlyForDeploymentPostprocessing = 0;
			shellPath = /bin/sh;
			shellScript = "diff \"${PODS_PODFILE_DIR_PATH}/Podfile.lock\" \"${PODS_ROOT}/Manifest.lock\" > /dev/null\nif [ $? != 0 ] ; then\n    # print error to STDERR\n    echo \"error: The sandbox is not in sync with the Podfile.lock. Run 'pod install' or update your CocoaPods installation.\" >&2\n    exit 1\nfi\n# This output is used by Xcode 'outputs' to avoid re-running this script phase.\necho \"SUCCESS\" > \"${SCRIPT_OUTPUT_FILE_0}\"\n";
			showEnvVarsInLog = 0;
		};
		B231D64489C60F0A7D313FD1 /* [CP] Embed Pods Frameworks */ = {
			isa = PBXShellScriptBuildPhase;
			buildActionMask = 2147483647;
			files = (
			);
			inputFileListPaths = (
			);
			inputPaths = (
				"${SRCROOT}/Pods/Target Support Files/Pods-MaterialUI/Pods-MaterialUI-frameworks.sh",
				"${BUILT_PRODUCTS_DIR}/Alamofire/Alamofire.framework",
				"${BUILT_PRODUCTS_DIR}/MaterialComponents/MaterialComponents.framework",
				"${BUILT_PRODUCTS_DIR}/SwiftyJSON/SwiftyJSON.framework",
			);
			name = "[CP] Embed Pods Frameworks";
			outputFileListPaths = (
			);
			outputPaths = (
				"${TARGET_BUILD_DIR}/${FRAMEWORKS_FOLDER_PATH}/Alamofire.framework",
				"${TARGET_BUILD_DIR}/${FRAMEWORKS_FOLDER_PATH}/MaterialComponents.framework",
				"${TARGET_BUILD_DIR}/${FRAMEWORKS_FOLDER_PATH}/SwiftyJSON.framework",
			);
			runOnlyForDeploymentPostprocessing = 0;
			shellPath = /bin/sh;
			shellScript = "\"${SRCROOT}/Pods/Target Support Files/Pods-MaterialUI/Pods-MaterialUI-frameworks.sh\"\n";
			showEnvVarsInLog = 0;
		};
/* End PBXShellScriptBuildPhase section */

/* Begin PBXSourcesBuildPhase section */
		81F6D28D21E8745E0023859D /* Sources */ = {
			isa = PBXSourcesBuildPhase;
			buildActionMask = 2147483647;
			files = (
				81F6D29721E8745E0023859D /* ViewController.swift in Sources */,
				81F6D2A821E88D970023859D /* ArticleModel.swift in Sources */,
				81F6D29521E8745E0023859D /* AppDelegate.swift in Sources */,
				81F6D2AA21E891200023859D /* AppConstents.swift in Sources */,
			);
			runOnlyForDeploymentPostprocessing = 0;
		};
/* End PBXSourcesBuildPhase section */

/* Begin PBXVariantGroup section */
		81F6D29821E8745E0023859D /* Main.storyboard */ = {
			isa = PBXVariantGroup;
			children = (
				81F6D29921E8745E0023859D /* Base */,
			);
			name = Main.storyboard;
			sourceTree = "<group>";
		};
		81F6D29D21E8745F0023859D /* LaunchScreen.storyboard */ = {
			isa = PBXVariantGroup;
			children = (
				81F6D29E21E8745F0023859D /* Base */,
			);
			name = LaunchScreen.storyboard;
			sourceTree = "<group>";
		};
/* End PBXVariantGroup section */

/* Begin XCBuildConfiguration section */
		81F6D2A121E8745F0023859D /* Debug */ = {
			isa = XCBuildConfiguration;
			buildSettings = {
				ALWAYS_SEARCH_USER_PATHS = NO;
				CLANG_ANALYZER_NONNULL = YES;
				CLANG_ANALYZER_NUMBER_OBJECT_CONVERSION = YES_AGGRESSIVE;
				CLANG_CXX_LANGUAGE_STANDARD = "gnu++14";
				CLANG_CXX_LIBRARY = "libc++";
				CLANG_ENABLE_MODULES = YES;
				CLANG_ENABLE_OBJC_ARC = YES;
				CLANG_ENABLE_OBJC_WEAK = YES;
				CLANG_WARN_BLOCK_CAPTURE_AUTORELEASING = YES;
				CLANG_WARN_BOOL_CONVERSION = YES;
				CLANG_WARN_COMMA = YES;
				CLANG_WARN_CONSTANT_CONVERSION = YES;
				CLANG_WARN_DEPRECATED_OBJC_IMPLEMENTATIONS = YES;
				CLANG_WARN_DIRECT_OBJC_ISA_USAGE = YES_ERROR;
				CLANG_WARN_DOCUMENTATION_COMMENTS = YES;
				CLANG_WARN_EMPTY_BODY = YES;
				CLANG_WARN_ENUM_CONVERSION = YES;
				CLANG_WARN_INFINITE_RECURSION = YES;
				CLANG_WARN_INT_CONVERSION = YES;
				CLANG_WARN_NON_LITERAL_NULL_CONVERSION = YES;
				CLANG_WARN_OBJC_IMPLICIT_RETAIN_SELF = YES;
				CLANG_WARN_OBJC_LITERAL_CONVERSION = YES;
				CLANG_WARN_OBJC_ROOT_CLASS = YES_ERROR;
				CLANG_WARN_RANGE_LOOP_ANALYSIS = YES;
				CLANG_WARN_STRICT_PROTOTYPES = YES;
				CLANG_WARN_SUSPICIOUS_MOVE = YES;
				CLANG_WARN_UNGUARDED_AVAILABILITY = YES_AGGRESSIVE;
				CLANG_WARN_UNREACHABLE_CODE = YES;
				CLANG_WARN__DUPLICATE_METHOD_MATCH = YES;
				CODE_SIGN_IDENTITY = "iPhone Developer";
				COPY_PHASE_STRIP = NO;
				DEBUG_INFORMATION_FORMAT = dwarf;
				ENABLE_STRICT_OBJC_MSGSEND = YES;
				ENABLE_TESTABILITY = YES;
				GCC_C_LANGUAGE_STANDARD = gnu11;
				GCC_DYNAMIC_NO_PIC = NO;
				GCC_NO_COMMON_BLOCKS = YES;
				GCC_OPTIMIZATION_LEVEL = 0;
				GCC_PREPROCESSOR_DEFINITIONS = (
					"DEBUG=1",
					"$(inherited)",
				);
				GCC_WARN_64_TO_32_BIT_CONVERSION = YES;
				GCC_WARN_ABOUT_RETURN_TYPE = YES_ERROR;
				GCC_WARN_UNDECLARED_SELECTOR = YES;
				GCC_WARN_UNINITIALIZED_AUTOS = YES_AGGRESSIVE;
				GCC_WARN_UNUSED_FUNCTION = YES;
				GCC_WARN_UNUSED_VARIABLE = YES;
				IPHONEOS_DEPLOYMENT_TARGET = 12.1;
				MTL_ENABLE_DEBUG_INFO = INCLUDE_SOURCE;
				MTL_FAST_MATH = YES;
				ONLY_ACTIVE_ARCH = YES;
				SDKROOT = iphoneos;
				SWIFT_ACTIVE_COMPILATION_CONDITIONS = DEBUG;
				SWIFT_OPTIMIZATION_LEVEL = "-Onone";
			};
			name = Debug;
		};
		81F6D2A221E8745F0023859D /* Release */ = {
			isa = XCBuildConfiguration;
			buildSettings = {
				ALWAYS_SEARCH_USER_PATHS = NO;
				CLANG_ANALYZER_NONNULL = YES;
				CLANG_ANALYZER_NUMBER_OBJECT_CONVERSION = YES_AGGRESSIVE;
				CLANG_CXX_LANGUAGE_STANDARD = "gnu++14";
				CLANG_CXX_LIBRARY = "libc++";
				CLANG_ENABLE_MODULES = YES;
				CLANG_ENABLE_OBJC_ARC = YES;
				CLANG_ENABLE_OBJC_WEAK = YES;
				CLANG_WARN_BLOCK_CAPTURE_AUTORELEASING = YES;
				CLANG_WARN_BOOL_CONVERSION = YES;
				CLANG_WARN_COMMA = YES;
				CLANG_WARN_CONSTANT_CONVERSION = YES;
				CLANG_WARN_DEPRECATED_OBJC_IMPLEMENTATIONS = YES;
				CLANG_WARN_DIRECT_OBJC_ISA_USAGE = YES_ERROR;
				CLANG_WARN_DOCUMENTATION_COMMENTS = YES;
				CLANG_WARN_EMPTY_BODY = YES;
				CLANG_WARN_ENUM_CONVERSION = YES;
				CLANG_WARN_INFINITE_RECURSION = YES;
				CLANG_WARN_INT_CONVERSION = YES;
				CLANG_WARN_NON_LITERAL_NULL_CONVERSION = YES;
				CLANG_WARN_OBJC_IMPLICIT_RETAIN_SELF = YES;
				CLANG_WARN_OBJC_LITERAL_CONVERSION = YES;
				CLANG_WARN_OBJC_ROOT_CLASS = YES_ERROR;
				CLANG_WARN_RANGE_LOOP_ANALYSIS = YES;
				CLANG_WARN_STRICT_PROTOTYPES = YES;
				CLANG_WARN_SUSPICIOUS_MOVE = YES;
				CLANG_WARN_UNGUARDED_AVAILABILITY = YES_AGGRESSIVE;
				CLANG_WARN_UNREACHABLE_CODE = YES;
				CLANG_WARN__DUPLICATE_METHOD_MATCH = YES;
				CODE_SIGN_IDENTITY = "iPhone Developer";
				COPY_PHASE_STRIP = NO;
				DEBUG_INFORMATION_FORMAT = "dwarf-with-dsym";
				ENABLE_NS_ASSERTIONS = NO;
				ENABLE_STRICT_OBJC_MSGSEND = YES;
				GCC_C_LANGUAGE_STANDARD = gnu11;
				GCC_NO_COMMON_BLOCKS = YES;
				GCC_WARN_64_TO_32_BIT_CONVERSION = YES;
				GCC_WARN_ABOUT_RETURN_TYPE = YES_ERROR;
				GCC_WARN_UNDECLARED_SELECTOR = YES;
				GCC_WARN_UNINITIALIZED_AUTOS = YES_AGGRESSIVE;
				GCC_WARN_UNUSED_FUNCTION = YES;
				GCC_WARN_UNUSED_VARIABLE = YES;
				IPHONEOS_DEPLOYMENT_TARGET = 12.1;
				MTL_ENABLE_DEBUG_INFO = NO;
				MTL_FAST_MATH = YES;
				SDKROOT = iphoneos;
				SWIFT_COMPILATION_MODE = wholemodule;
				SWIFT_OPTIMIZATION_LEVEL = "-O";
				VALIDATE_PRODUCT = YES;
			};
			name = Release;
		};
		81F6D2A421E8745F0023859D /* Debug */ = {
			isa = XCBuildConfiguration;
			baseConfigurationReference = EE539ED120EA40526888856D /* Pods-MaterialUI.debug.xcconfig */;
			buildSettings = {
				ASSETCATALOG_COMPILER_APPICON_NAME = AppIcon;
				CODE_SIGN_STYLE = Automatic;
				DEVELOPMENT_TEAM = XSWKK6TX28;
				INFOPLIST_FILE = MaterialUI/Info.plist;
				LD_RUNPATH_SEARCH_PATHS = (
					"$(inherited)",
					"@executable_path/Frameworks",
				);
				PRODUCT_BUNDLE_IDENTIFIER = com.oshan.MaterialUI;
				PRODUCT_NAME = "$(TARGET_NAME)";
				SWIFT_VERSION = 4.2;
				TARGETED_DEVICE_FAMILY = "1,2";
			};
			name = Debug;
		};
		81F6D2A521E8745F0023859D /* Release */ = {
			isa = XCBuildConfiguration;
			baseConfigurationReference = 65036A379E0F720190AC1839 /* Pods-MaterialUI.release.xcconfig */;
			buildSettings = {
				ASSETCATALOG_COMPILER_APPICON_NAME = AppIcon;
				CODE_SIGN_STYLE = Automatic;
				DEVELOPMENT_TEAM = XSWKK6TX28;
				INFOPLIST_FILE = MaterialUI/Info.plist;
				LD_RUNPATH_SEARCH_PATHS = (
					"$(inherited)",
					"@executable_path/Frameworks",
				);
				PRODUCT_BUNDLE_IDENTIFIER = com.oshan.MaterialUI;
				PRODUCT_NAME = "$(TARGET_NAME)";
				SWIFT_VERSION = 4.2;
				TARGETED_DEVICE_FAMILY = "1,2";
			};
			name = Release;
		};
/* End XCBuildConfiguration section */

/* Begin XCConfigurationList section */
		81F6D28C21E8745E0023859D /* Build configuration list for PBXProject "MaterialUI" */ = {
			isa = XCConfigurationList;
			buildConfigurations = (
				81F6D2A121E8745F0023859D /* Debug */,
				81F6D2A221E8745F0023859D /* Release */,
			);
			defaultConfigurationIsVisible = 0;
			defaultConfigurationName = Release;
		};
		81F6D2A321E8745F0023859D /* Build configuration list for PBXNativeTarget "MaterialUI" */ = {
			isa = XCConfigurationList;
			buildConfigurations = (
				81F6D2A421E8745F0023859D /* Debug */,
				81F6D2A521E8745F0023859D /* Release */,
			);
			defaultConfigurationIsVisible = 0;
			defaultConfigurationName = Release;
		};
/* End XCConfigurationList section */
	};
	rootObject = 81F6D28921E8745E0023859D /* Project object */;
}
